
Microsoft Visual Studio Solution File, Format Version 12.00
# Visual Studio 14
VisualStudioVersion = 14.0.25420.1
MinimumVisualStudioVersion = 10.0.40219.1
Project("{FAE04EC0-301F-11D3-BF4B-00C04F79EFBC}") = "CustomList", "CustomList\CustomList.csproj", "{A934AB3E-D8DA-43F7-B4C5-13F26950F993}"
EndProject
Project("{FAE04EC0-301F-11D3-BF4B-00C04F79EFBC}") = "CustomListTest", "CustomListTest\CustomListTest.csproj", "{5BC00329-08F3-475D-AF88-C3F8D175B34A}"
EndProject
Global
	GlobalSection(SolutionConfigurationPlatforms) = preSolution
		Debug|Any CPU = Debug|Any CPU
		Release|Any CPU = Release|Any CPU
	EndGlobalSection
	GlobalSection(ProjectConfigurationPlatforms) = postSolution
		{A934AB3E-D8DA-43F7-B4C5-13F26950F993}.Debug|Any CPU.ActiveCfg = Debug|Any CPU
		{A934AB3E-D8DA-43F7-B4C5-13F26950F993}.Debug|Any CPU.Build.0 = Debug|Any CPU
		{A934AB3E-D8DA-43F7-B4C5-13F26950F993}.Release|Any CPU.ActiveCfg = Release|Any CPU
		{A934AB3E-D8DA-43F7-B4C5-13F26950F993}.Release|Any CPU.Build.0 = Release|Any CPU
		{5BC00329-08F3-475D-AF88-C3F8D175B34A}.Debug|Any CPU.ActiveCfg = Debug|Any CPU
		{5BC00329-08F3-475D-AF88-C3F8D175B34A}.Debug|Any CPU.Build.0 = Debug|Any CPU
		{5BC00329-08F3-475D-AF88-C3F8D175B34A}.Release|Any CPU.ActiveCfg = Release|Any CPU
		{5BC00329-08F3-475D-AF88-C3F8D175B34A}.Release|Any CPU.Build.0 = Release|Any CPU
	EndGlobalSection
	GlobalSection(SolutionProperties) = preSolution
		HideSolutionNode = FALSE
	EndGlobalSection
EndGlobal
